<Solution>
  <Folder Name="/Solution Items/">
    <File Path="Directory.Build.props" />
    <File Path="Directory.Build.targets" />
    <File Path="Directory.Packages.props" />
    <File Path="LICENSE" />
    <File Path="README.md" />
  </Folder>
  <Folder Name="/Tests/">
    <Project Path="tests/Fluent.Ui.UnitTests/Fluent.Ui.UnitTests.csproj" />
  </Folder>
  <Project Path="src/Fluent.Charts/Fluent.Charts.csproj" />
  <Project Path="src/Fluent.Diagrams/Fluent.Diagrams.csproj" />
  <Project Path="src/Fluent.Documents/Fluent.Documents.csproj" />
  <Project Path="src/Fluent.Icon/Fluent.Icon.csproj" />
  <Project Path="src/Fluent.Navigation/Fluent.Navigation.csproj" />
  <Project Path="src/Fluent.Notifications/Fluent.Notifications.csproj" />
  <Project Path="src/Fluent.Themes/Fluent.Themes.csproj" />
  <Project Path="src/Fluent.Ui/Fluent.Ui.csproj" />
</Solution>
